# This file is automatically @generated by Cargo.
# It is not intended for manual editing.
version = 3

[[package]]
name = "pe-001"
version = "0.1.0"

[[package]]
name = "pe-002"
version = "0.1.0"

[[package]]
name = "pe-004"
version = "0.1.0"

[[package]]
name = "pe-006"
version = "0.1.0"

[[package]]
name = "pe-008"
version = "0.1.0"

[[package]]
name = "pe-013"
version = "0.1.0"

[[package]]
name = "pe-014"
version = "0.1.0"
